
Microsoft Visual Studio Solution File, Format Version 12.00
# Visual Studio Version 16
VisualStudioVersion = 16.0.29306.81
MinimumVisualStudioVersion = 10.0.40219.1
Project("{2150E333-8FDC-42A3-9474-1A3956D46DE8}") = "Solution Items", "Solution Items", "{ABE7D837-8175-42CD-8AF3-29BF18704449}"
EndProject
Project("{F184B08F-C81C-45F6-A57F-5ABD9991F28F}") = "pharmacySystem", "PHARMACY_SYSTEM\pharmacySystem.vbproj", "{E9E62C35-788A-4B1C-9622-1C944ABCF4B4}"
EndProject
Global
	GlobalSection(SolutionConfigurationPlatforms) = preSolution
		Debug|Any CPU = Debug|Any CPU
		Release|Any CPU = Release|Any CPU
	EndGlobalSection
	GlobalSection(ProjectConfigurationPlatforms) = postSolution
		{E9E62C35-788A-4B1C-9622-1C944ABCF4B4}.Debug|Any CPU.ActiveCfg = Debug|Any CPU
		{E9E62C35-788A-4B1C-9622-1C944ABCF4B4}.Debug|Any CPU.Build.0 = Debug|Any CPU
		{E9E62C35-788A-4B1C-9622-1C944ABCF4B4}.Release|Any CPU.ActiveCfg = Release|Any CPU
		{E9E62C35-788A-4B1C-9622-1C944ABCF4B4}.Release|Any CPU.Build.0 = Release|Any CPU
	EndGlobalSection
	GlobalSection(SolutionProperties) = preSolution
		HideSolutionNode = FALSE
	EndGlobalSection
	GlobalSection(ExtensibilityGlobals) = postSolution
		SolutionGuid = {6F6CDBFF-0FAC-430B-89AA-5AC74E997048}
	EndGlobalSection
	GlobalSection(Performance) = preSolution
		HasPerformanceSessions = true
	EndGlobalSection
EndGlobal
